// !$*UTF8*$!
{
	archiveVersion = 1;
	classes = {
	};
	objectVersion = 55;
	objects = {

/* Begin PBXBuildFile section */
		2712A58A26A527B100E88BF5 /* AppDelegate.swift in Sources */ = {isa = PBXBuildFile; fileRef = 2712A58926A527B100E88BF5 /* AppDelegate.swift */; };
		2712A58C26A527B100E88BF5 /* SceneDelegate.swift in Sources */ = {isa = PBXBuildFile; fileRef = 2712A58B26A527B100E88BF5 /* SceneDelegate.swift */; };
		2712A58E26A527B100E88BF5 /* ViewController.swift in Sources */ = {isa = PBXBuildFile; fileRef = 2712A58D26A527B100E88BF5 /* ViewController.swift */; };
		2712A59126A527B100E88BF5 /* Main.storyboard in Resources */ = {isa = PBXBuildFile; fileRef = 2712A58F26A527B100E88BF5 /* Main.storyboard */; };
		2712A59326A527B300E88BF5 /* Assets.xcassets in Resources */ = {isa = PBXBuildFile; fileRef = 2712A59226A527B300E88BF5 /* Assets.xcassets */; };
		2712A59626A527B300E88BF5 /* LaunchScreen.storyboard in Resources */ = {isa = PBXBuildFile; fileRef = 2712A59426A527B300E88BF5 /* LaunchScreen.storyboard */; };
		2732ED9A26A6A2230031E7C1 /* DMSans-Regular.ttf in Resources */ = {isa = PBXBuildFile; fileRef = 2732ED9926A6A2230031E7C1 /* DMSans-Regular.ttf */; };
		2783862626A6C9DE00EAAB29 /* SignUpViewController.swift in Sources */ = {isa = PBXBuildFile; fileRef = 2783862526A6C9DE00EAAB29 /* SignUpViewController.swift */; };
		2783862826A6C9F100EAAB29 /* LoginViewController.swift in Sources */ = {isa = PBXBuildFile; fileRef = 2783862726A6C9F100EAAB29 /* LoginViewController.swift */; };
		2783862A26A7126C00EAAB29 /* LetfVIew.swift in Sources */ = {isa = PBXBuildFile; fileRef = 2783862926A7126C00EAAB29 /* LetfVIew.swift */; };
		27BC98EC26A6BC1300CFBBF8 /* DMSans-Italic.ttf in Resources */ = {isa = PBXBuildFile; fileRef = 27BC98E626A6BC1300CFBBF8 /* DMSans-Italic.ttf */; };
		27BC98ED26A6BC1300CFBBF8 /* DMSans-Medium.ttf in Resources */ = {isa = PBXBuildFile; fileRef = 27BC98E726A6BC1300CFBBF8 /* DMSans-Medium.ttf */; };
		27BC98EE26A6BC1300CFBBF8 /* DMSans-BoldItalic.ttf in Resources */ = {isa = PBXBuildFile; fileRef = 27BC98E826A6BC1300CFBBF8 /* DMSans-BoldItalic.ttf */; };
		27BC98EF26A6BC1300CFBBF8 /* DMSans-MediumItalic.ttf in Resources */ = {isa = PBXBuildFile; fileRef = 27BC98E926A6BC1300CFBBF8 /* DMSans-MediumItalic.ttf */; };
		27BC98F026A6BC1300CFBBF8 /* DMSans-Bold.ttf in Resources */ = {isa = PBXBuildFile; fileRef = 27BC98EA26A6BC1300CFBBF8 /* DMSans-Bold.ttf */; };
/* End PBXBuildFile section */

/* Begin PBXFileReference section */
		2712A58626A527B100E88BF5 /* Figma.app */ = {isa = PBXFileReference; explicitFileType = wrapper.application; includeInIndex = 0; path = Figma.app; sourceTree = BUILT_PRODUCTS_DIR; };
		2712A58926A527B100E88BF5 /* AppDelegate.swift */ = {isa = PBXFileReference; lastKnownFileType = sourcecode.swift; path = AppDelegate.swift; sourceTree = "<group>"; };
		2712A58B26A527B100E88BF5 /* SceneDelegate.swift */ = {isa = PBXFileReference; lastKnownFileType = sourcecode.swift; path = SceneDelegate.swift; sourceTree = "<group>"; };
		2712A58D26A527B100E88BF5 /* ViewController.swift */ = {isa = PBXFileReference; lastKnownFileType = sourcecode.swift; path = ViewController.swift; sourceTree = "<group>"; };
		2712A59026A527B100E88BF5 /* Base */ = {isa = PBXFileReference; lastKnownFileType = file.storyboard; name = Base; path = Base.lproj/Main.storyboard; sourceTree = "<group>"; };
		2712A59226A527B300E88BF5 /* Assets.xcassets */ = {isa = PBXFileReference; lastKnownFileType = folder.assetcatalog; path = Assets.xcassets; sourceTree = "<group>"; };
		2712A59526A527B300E88BF5 /* Base */ = {isa = PBXFileReference; lastKnownFileType = file.storyboard; name = Base; path = Base.lproj/LaunchScreen.storyboard; sourceTree = "<group>"; };
		2712A59726A527B300E88BF5 /* Info.plist */ = {isa = PBXFileReference; lastKnownFileType = text.plist.xml; path = Info.plist; sourceTree = "<group>"; };
		2732ED9926A6A2230031E7C1 /* DMSans-Regular.ttf */ = {isa = PBXFileReference; lastKnownFileType = file; path = "DMSans-Regular.ttf"; sourceTree = "<group>"; };
		2783862526A6C9DE00EAAB29 /* SignUpViewController.swift */ = {isa = PBXFileReference; lastKnownFileType = sourcecode.swift; path = SignUpViewController.swift; sourceTree = "<group>"; };
		2783862726A6C9F100EAAB29 /* LoginViewController.swift */ = {isa = PBXFileReference; lastKnownFileType = sourcecode.swift; path = LoginViewController.swift; sourceTree = "<group>"; };
		2783862926A7126C00EAAB29 /* LetfVIew.swift */ = {isa = PBXFileReference; lastKnownFileType = sourcecode.swift; path = LetfVIew.swift; sourceTree = "<group>"; };
		27BC98E626A6BC1300CFBBF8 /* DMSans-Italic.ttf */ = {isa = PBXFileReference; lastKnownFileType = file; path = "DMSans-Italic.ttf"; sourceTree = "<group>"; };
		27BC98E726A6BC1300CFBBF8 /* DMSans-Medium.ttf */ = {isa = PBXFileReference; lastKnownFileType = file; path = "DMSans-Medium.ttf"; sourceTree = "<group>"; };
		27BC98E826A6BC1300CFBBF8 /* DMSans-BoldItalic.ttf */ = {isa = PBXFileReference; lastKnownFileType = file; path = "DMSans-BoldItalic.ttf"; sourceTree = "<group>"; };
		27BC98E926A6BC1300CFBBF8 /* DMSans-MediumItalic.ttf */ = {isa = PBXFileReference; lastKnownFileType = file; path = "DMSans-MediumItalic.ttf"; sourceTree = "<group>"; };
		27BC98EA26A6BC1300CFBBF8 /* DMSans-Bold.ttf */ = {isa = PBXFileReference; lastKnownFileType = file; path = "DMSans-Bold.ttf"; sourceTree = "<group>"; };
/* End PBXFileReference section */

/* Begin PBXFrameworksBuildPhase section */
		2712A58326A527B100E88BF5 /* Frameworks */ = {
			isa = PBXFrameworksBuildPhase;
			buildActionMask = 2147483647;
			files = (
			);
			runOnlyForDeploymentPostprocessing = 0;
		};
/* End PBXFrameworksBuildPhase section */

/* Begin PBXGroup section */
		2712A57D26A527B100E88BF5 = {
			isa = PBXGroup;
			children = (
				2712A58826A527B100E88BF5 /* Figma */,
				2712A58726A527B100E88BF5 /* Products */,
			);
			sourceTree = "<group>";
		};
		2712A58726A527B100E88BF5 /* Products */ = {
			isa = PBXGroup;
			children = (
				2712A58626A527B100E88BF5 /* Figma.app */,
			);
			name = Products;
			sourceTree = "<group>";
		};
		2712A58826A527B100E88BF5 /* Figma */ = {
			isa = PBXGroup;
			children = (
				2712A58926A527B100E88BF5 /* AppDelegate.swift */,
				2712A58B26A527B100E88BF5 /* SceneDelegate.swift */,
				2712A58D26A527B100E88BF5 /* ViewController.swift */,
				2732ED9926A6A2230031E7C1 /* DMSans-Regular.ttf */,
				27BC98EA26A6BC1300CFBBF8 /* DMSans-Bold.ttf */,
				27BC98E826A6BC1300CFBBF8 /* DMSans-BoldItalic.ttf */,
				27BC98E626A6BC1300CFBBF8 /* DMSans-Italic.ttf */,
				27BC98E726A6BC1300CFBBF8 /* DMSans-Medium.ttf */,
				27BC98E926A6BC1300CFBBF8 /* DMSans-MediumItalic.ttf */,
				2712A58F26A527B100E88BF5 /* Main.storyboard */,
				2712A59226A527B300E88BF5 /* Assets.xcassets */,
				2712A59426A527B300E88BF5 /* LaunchScreen.storyboard */,
				2712A59726A527B300E88BF5 /* Info.plist */,
				2783862526A6C9DE00EAAB29 /* SignUpViewController.swift */,
				2783862726A6C9F100EAAB29 /* LoginViewController.swift */,
				2783862926A7126C00EAAB29 /* LetfVIew.swift */,
			);
			path = Figma;
			sourceTree = "<group>";
		};
/* End PBXGroup section */

/* Begin PBXNativeTarget section */
		2712A58526A527B100E88BF5 /* Figma */ = {
			isa = PBXNativeTarget;
			buildConfigurationList = 2712A59A26A527B300E88BF5 /* Build configuration list for PBXNativeTarget "Figma" */;
			buildPhases = (
				2712A58226A527B100E88BF5 /* Sources */,
				2712A58326A527B100E88BF5 /* Frameworks */,
				2712A58426A527B100E88BF5 /* Resources */,
			);
			buildRules = (
			);
			dependencies = (
			);
			name = Figma;
			productName = Figma;
			productReference = 2712A58626A527B100E88BF5 /* Figma.app */;
			productType = "com.apple.product-type.application";
		};
/* End PBXNativeTarget section */

/* Begin PBXProject section */
		2712A57E26A527B100E88BF5 /* Project object */ = {
			isa = PBXProject;
			attributes = {
				BuildIndependentTargetsInParallel = 1;
				LastSwiftUpdateCheck = 1300;
				LastUpgradeCheck = 1300;
				TargetAttributes = {
					2712A58526A527B100E88BF5 = {
						CreatedOnToolsVersion = 13.0;
					};
				};
			};
			buildConfigurationList = 2712A58126A527B100E88BF5 /* Build configuration list for PBXProject "Figma" */;
			compatibilityVersion = "Xcode 13.0";
			developmentRegion = en;
			hasScannedForEncodings = 0;
			knownRegions = (
				en,
				Base,
			);
			mainGroup = 2712A57D26A527B100E88BF5;
			productRefGroup = 2712A58726A527B100E88BF5 /* Products */;
			projectDirPath = "";
			projectRoot = "";
			targets = (
				2712A58526A527B100E88BF5 /* Figma */,
			);
		};
/* End PBXProject section */

/* Begin PBXResourcesBuildPhase section */
		2712A58426A527B100E88BF5 /* Resources */ = {
			isa = PBXResourcesBuildPhase;
			buildActionMask = 2147483647;
			files = (
				2712A59626A527B300E88BF5 /* LaunchScreen.storyboard in Resources */,
				27BC98F026A6BC1300CFBBF8 /* DMSans-Bold.ttf in Resources */,
				2712A59326A527B300E88BF5 /* Assets.xcassets in Resources */,
				27BC98EE26A6BC1300CFBBF8 /* DMSans-BoldItalic.ttf in Resources */,
				27BC98EC26A6BC1300CFBBF8 /* DMSans-Italic.ttf in Resources */,
				2712A59126A527B100E88BF5 /* Main.storyboard in Resources */,
				27BC98EF26A6BC1300CFBBF8 /* DMSans-MediumItalic.ttf in Resources */,
				2732ED9A26A6A2230031E7C1 /* DMSans-Regular.ttf in Resources */,
				27BC98ED26A6BC1300CFBBF8 /* DMSans-Medium.ttf in Resources */,
			);
			runOnlyForDeploymentPostprocessing = 0;
		};
/* End PBXResourcesBuildPhase section */

/* Begin PBXSourcesBuildPhase section */
		2712A58226A527B100E88BF5 /* Sources */ = {
			isa = PBXSourcesBuildPhase;
			buildActionMask = 2147483647;
			files = (
				2712A58E26A527B100E88BF5 /* ViewController.swift in Sources */,
				2783862A26A7126C00EAAB29 /* LetfVIew.swift in Sources */,
				2712A58A26A527B100E88BF5 /* AppDelegate.swift in Sources */,
				2783862626A6C9DE00EAAB29 /* SignUpViewController.swift in Sources */,
				2783862826A6C9F100EAAB29 /* LoginViewController.swift in Sources */,
				2712A58C26A527B100E88BF5 /* SceneDelegate.swift in Sources */,
			);
			runOnlyForDeploymentPostprocessing = 0;
		};
/* End PBXSourcesBuildPhase section */

/* Begin PBXVariantGroup section */
		2712A58F26A527B100E88BF5 /* Main.storyboard */ = {
			isa = PBXVariantGroup;
			children = (
				2712A59026A527B100E88BF5 /* Base */,
			);
			name = Main.storyboard;
			sourceTree = "<group>";
		};
		2712A59426A527B300E88BF5 /* LaunchScreen.storyboard */ = {
			isa = PBXVariantGroup;
			children = (
				2712A59526A527B300E88BF5 /* Base */,
			);
			name = LaunchScreen.storyboard;
			sourceTree = "<group>";
		};
/* End PBXVariantGroup section */

/* Begin XCBuildConfiguration section */
		2712A59826A527B300E88BF5 /* Debug */ = {
			isa = XCBuildConfiguration;
			buildSettings = {
				ALWAYS_SEARCH_USER_PATHS = NO;
				CLANG_ANALYZER_NONNULL = YES;
				CLANG_ANALYZER_NUMBER_OBJECT_CONVERSION = YES_AGGRESSIVE;
				CLANG_CXX_LANGUAGE_STANDARD = "gnu++14";
				CLANG_CXX_LIBRARY = "libc++";
				CLANG_ENABLE_MODULES = YES;
				CLANG_ENABLE_OBJC_ARC = YES;
				CLANG_ENABLE_OBJC_WEAK = YES;
				CLANG_WARN_BLOCK_CAPTURE_AUTORELEASING = YES;
				CLANG_WARN_BOOL_CONVERSION = YES;
				CLANG_WARN_COMMA = YES;
				CLANG_WARN_CONSTANT_CONVERSION = YES;
				CLANG_WARN_DEPRECATED_OBJC_IMPLEMENTATIONS = YES;
				CLANG_WARN_DIRECT_OBJC_ISA_USAGE = YES_ERROR;
				CLANG_WARN_DOCUMENTATION_COMMENTS = YES;
				CLANG_WARN_EMPTY_BODY = YES;
				CLANG_WARN_ENUM_CONVERSION = YES;
				CLANG_WARN_INFINITE_RECURSION = YES;
				CLANG_WARN_INT_CONVERSION = YES;
				CLANG_WARN_NON_LITERAL_NULL_CONVERSION = YES;
				CLANG_WARN_OBJC_IMPLICIT_RETAIN_SELF = YES;
				CLANG_WARN_OBJC_LITERAL_CONVERSION = YES;
				CLANG_WARN_OBJC_ROOT_CLASS = YES_ERROR;
				CLANG_WARN_QUOTED_INCLUDE_IN_FRAMEWORK_HEADER = YES;
				CLANG_WARN_RANGE_LOOP_ANALYSIS = YES;
				CLANG_WARN_STRICT_PROTOTYPES = YES;
				CLANG_WARN_SUSPICIOUS_MOVE = YES;
				CLANG_WARN_UNGUARDED_AVAILABILITY = YES_AGGRESSIVE;
				CLANG_WARN_UNREACHABLE_CODE = YES;
				CLANG_WARN__DUPLICATE_METHOD_MATCH = YES;
				COPY_PHASE_STRIP = NO;
				DEBUG_INFORMATION_FORMAT = dwarf;
				ENABLE_STRICT_OBJC_MSGSEND = YES;
				ENABLE_TESTABILITY = YES;
				GCC_C_LANGUAGE_STANDARD = gnu11;
				GCC_DYNAMIC_NO_PIC = NO;
				GCC_NO_COMMON_BLOCKS = YES;
				GCC_OPTIMIZATION_LEVEL = 0;
				GCC_PREPROCESSOR_DEFINITIONS = (
					"DEBUG=1",
					"$(inherited)",
				);
				GCC_WARN_64_TO_32_BIT_CONVERSION = YES;
				GCC_WARN_ABOUT_RETURN_TYPE = YES_ERROR;
				GCC_WARN_UNDECLARED_SELECTOR = YES;
				GCC_WARN_UNINITIALIZED_AUTOS = YES_AGGRESSIVE;
				GCC_WARN_UNUSED_FUNCTION = YES;
				GCC_WARN_UNUSED_VARIABLE = YES;
				IPHONEOS_DEPLOYMENT_TARGET = 15.0;
				MTL_ENABLE_DEBUG_INFO = INCLUDE_SOURCE;
				MTL_FAST_MATH = YES;
				ONLY_ACTIVE_ARCH = YES;
				SDKROOT = iphoneos;
				SWIFT_ACTIVE_COMPILATION_CONDITIONS = DEBUG;
				SWIFT_OPTIMIZATION_LEVEL = "-Onone";
			};
			name = Debug;
		};
		2712A59926A527B300E88BF5 /* Release */ = {
			isa = XCBuildConfiguration;
			buildSettings = {
				ALWAYS_SEARCH_USER_PATHS = NO;
				CLANG_ANALYZER_NONNULL = YES;
				CLANG_ANALYZER_NUMBER_OBJECT_CONVERSION = YES_AGGRESSIVE;
				CLANG_CXX_LANGUAGE_STANDARD = "gnu++14";
				CLANG_CXX_LIBRARY = "libc++";
				CLANG_ENABLE_MODULES = YES;
				CLANG_ENABLE_OBJC_ARC = YES;
				CLANG_ENABLE_OBJC_WEAK = YES;
				CLANG_WARN_BLOCK_CAPTURE_AUTORELEASING = YES;
				CLANG_WARN_BOOL_CONVERSION = YES;
				CLANG_WARN_COMMA = YES;
				CLANG_WARN_CONSTANT_CONVERSION = YES;
				CLANG_WARN_DEPRECATED_OBJC_IMPLEMENTATIONS = YES;
				CLANG_WARN_DIRECT_OBJC_ISA_USAGE = YES_ERROR;
				CLANG_WARN_DOCUMENTATION_COMMENTS = YES;
				CLANG_WARN_EMPTY_BODY = YES;
				CLANG_WARN_ENUM_CONVERSION = YES;
				CLANG_WARN_INFINITE_RECURSION = YES;
				CLANG_WARN_INT_CONVERSION = YES;
				CLANG_WARN_NON_LITERAL_NULL_CONVERSION = YES;
				CLANG_WARN_OBJC_IMPLICIT_RETAIN_SELF = YES;
				CLANG_WARN_OBJC_LITERAL_CONVERSION = YES;
				CLANG_WARN_OBJC_ROOT_CLASS = YES_ERROR;
				CLANG_WARN_QUOTED_INCLUDE_IN_FRAMEWORK_HEADER = YES;
				CLANG_WARN_RANGE_LOOP_ANALYSIS = YES;
				CLANG_WARN_STRICT_PROTOTYPES = YES;
				CLANG_WARN_SUSPICIOUS_MOVE = YES;
				CLANG_WARN_UNGUARDED_AVAILABILITY = YES_AGGRESSIVE;
				CLANG_WARN_UNREACHABLE_CODE = YES;
				CLANG_WARN__DUPLICATE_METHOD_MATCH = YES;
				COPY_PHASE_STRIP = NO;
				DEBUG_INFORMATION_FORMAT = "dwarf-with-dsym";
				ENABLE_NS_ASSERTIONS = NO;
				ENABLE_STRICT_OBJC_MSGSEND = YES;
				GCC_C_LANGUAGE_STANDARD = gnu11;
				GCC_NO_COMMON_BLOCKS = YES;
				GCC_WARN_64_TO_32_BIT_CONVERSION = YES;
				GCC_WARN_ABOUT_RETURN_TYPE = YES_ERROR;
				GCC_WARN_UNDECLARED_SELECTOR = YES;
				GCC_WARN_UNINITIALIZED_AUTOS = YES_AGGRESSIVE;
				GCC_WARN_UNUSED_FUNCTION = YES;
				GCC_WARN_UNUSED_VARIABLE = YES;
				IPHONEOS_DEPLOYMENT_TARGET = 15.0;
				MTL_ENABLE_DEBUG_INFO = NO;
				MTL_FAST_MATH = YES;
				SDKROOT = iphoneos;
				SWIFT_COMPILATION_MODE = wholemodule;
				SWIFT_OPTIMIZATION_LEVEL = "-O";
				VALIDATE_PRODUCT = YES;
			};
			name = Release;
		};
		2712A59B26A527B300E88BF5 /* Debug */ = {
			isa = XCBuildConfiguration;
			buildSettings = {
				ASSETCATALOG_COMPILER_APPICON_NAME = AppIcon;
				ASSETCATALOG_COMPILER_GLOBAL_ACCENT_COLOR_NAME = AccentColor;
				CODE_SIGN_STYLE = Automatic;
				CURRENT_PROJECT_VERSION = 1;
				DEVELOPMENT_TEAM = 76CL67W6AF;
				GENERATE_INFOPLIST_FILE = YES;
				INFOPLIST_FILE = Figma/Info.plist;
				INFOPLIST_KEY_CFBundleExecutable = Figma;
				INFOPLIST_KEY_CFBundleName = Figma;
				INFOPLIST_KEY_CFBundleVersion = 1;
				INFOPLIST_KEY_UIApplicationSupportsIndirectInputEvents = YES;
				INFOPLIST_KEY_UILaunchStoryboardName = LaunchScreen;
				INFOPLIST_KEY_UIMainStoryboardFile = Main;
				INFOPLIST_KEY_UISupportedInterfaceOrientations_iPad = "UIInterfaceOrientationPortrait UIInterfaceOrientationPortraitUpsideDown UIInterfaceOrientationLandscapeLeft UIInterfaceOrientationLandscapeRight";
				INFOPLIST_KEY_UISupportedInterfaceOrientations_iPhone = "UIInterfaceOrientationPortrait UIInterfaceOrientationLandscapeLeft UIInterfaceOrientationLandscapeRight";
				LD_RUNPATH_SEARCH_PATHS = (
					"$(inherited)",
					"@executable_path/Frameworks",
				);
				MARKETING_VERSION = 1.0;
				PRODUCT_BUNDLE_IDENTIFIER = JY.test.Figma;
				PRODUCT_NAME = "$(TARGET_NAME)";
				SWIFT_EMIT_LOC_STRINGS = YES;
				SWIFT_VERSION = 5.0;
				TARGETED_DEVICE_FAMILY = "1,2";
			};
			name = Debug;
		};
		2712A59C26A527B300E88BF5 /* Release */ = {
			isa = XCBuildConfiguration;
			buildSettings = {
				ASSETCATALOG_COMPILER_APPICON_NAME = AppIcon;
				ASSETCATALOG_COMPILER_GLOBAL_ACCENT_COLOR_NAME = AccentColor;
				CODE_SIGN_STYLE = Automatic;
				CURRENT_PROJECT_VERSION = 1;
				DEVELOPMENT_TEAM = 76CL67W6AF;
				GENERATE_INFOPLIST_FILE = YES;
				INFOPLIST_FILE = Figma/Info.plist;
				INFOPLIST_KEY_CFBundleExecutable = Figma;
				INFOPLIST_KEY_CFBundleName = Figma;
				INFOPLIST_KEY_CFBundleVersion = 1;
				INFOPLIST_KEY_UIApplicationSupportsIndirectInputEvents = YES;
				INFOPLIST_KEY_UILaunchStoryboardName = LaunchScreen;
				INFOPLIST_KEY_UIMainStoryboardFile = Main;
				INFOPLIST_KEY_UISupportedInterfaceOrientations_iPad = "UIInterfaceOrientationPortrait UIInterfaceOrientationPortraitUpsideDown UIInterfaceOrientationLandscapeLeft UIInterfaceOrientationLandscapeRight";
				INFOPLIST_KEY_UISupportedInterfaceOrientations_iPhone = "UIInterfaceOrientationPortrait UIInterfaceOrientationLandscapeLeft UIInterfaceOrientationLandscapeRight";
				LD_RUNPATH_SEARCH_PATHS = (
					"$(inherited)",
					"@executable_path/Frameworks",
				);
				MARKETING_VERSION = 1.0;
				PRODUCT_BUNDLE_IDENTIFIER = JY.test.Figma;
				PRODUCT_NAME = "$(TARGET_NAME)";
				SWIFT_EMIT_LOC_STRINGS = YES;
				SWIFT_VERSION = 5.0;
				TARGETED_DEVICE_FAMILY = "1,2";
			};
			name = Release;
		};
/* End XCBuildConfiguration section */

/* Begin XCConfigurationList section */
		2712A58126A527B100E88BF5 /* Build configuration list for PBXProject "Figma" */ = {
			isa = XCConfigurationList;
			buildConfigurations = (
				2712A59826A527B300E88BF5 /* Debug */,
				2712A59926A527B300E88BF5 /* Release */,
			);
			defaultConfigurationIsVisible = 0;
			defaultConfigurationName = Release;
		};
		2712A59A26A527B300E88BF5 /* Build configuration list for PBXNativeTarget "Figma" */ = {
			isa = XCConfigurationList;
			buildConfigurations = (
				2712A59B26A527B300E88BF5 /* Debug */,
				2712A59C26A527B300E88BF5 /* Release */,
			);
			defaultConfigurationIsVisible = 0;
			defaultConfigurationName = Release;
		};
/* End XCConfigurationList section */
	};
	rootObject = 2712A57E26A527B100E88BF5 /* Project object */;
}
